
Microsoft Visual Studio Solution File, Format Version 12.00
# Visual Studio Version 17
VisualStudioVersion = 17.8.34309.116
MinimumVisualStudioVersion = 10.0.40219.1
Project("{8BC9CEB8-8B4A-11D0-8D11-00A0C91BC942}") = "cppl-homeworks_03_02", "cppl-homeworks_03_02\cppl-homeworks_03_02.vcxproj", "{449E54E3-8B23-42DD-B106-7DD162EE1DC5}"
EndProject
Global
	GlobalSection(SolutionConfigurationPlatforms) = preSolution
		Debug|x64 = Debug|x64
		Debug|x86 = Debug|x86
		Release|x64 = Release|x64
		Release|x86 = Release|x86
	EndGlobalSection
	GlobalSection(ProjectConfigurationPlatforms) = postSolution
		{449E54E3-8B23-42DD-B106-7DD162EE1DC5}.Debug|x64.ActiveCfg = Debug|x64
		{449E54E3-8B23-42DD-B106-7DD162EE1DC5}.Debug|x64.Build.0 = Debug|x64
		{449E54E3-8B23-42DD-B106-7DD162EE1DC5}.Debug|x86.ActiveCfg = Debug|Win32
		{449E54E3-8B23-42DD-B106-7DD162EE1DC5}.Debug|x86.Build.0 = Debug|Win32
		{449E54E3-8B23-42DD-B106-7DD162EE1DC5}.Release|x64.ActiveCfg = Release|x64
		{449E54E3-8B23-42DD-B106-7DD162EE1DC5}.Release|x64.Build.0 = Release|x64
		{449E54E3-8B23-42DD-B106-7DD162EE1DC5}.Release|x86.ActiveCfg = Release|Win32
		{449E54E3-8B23-42DD-B106-7DD162EE1DC5}.Release|x86.Build.0 = Release|Win32
	EndGlobalSection
	GlobalSection(SolutionProperties) = preSolution
		HideSolutionNode = FALSE
	EndGlobalSection
	GlobalSection(ExtensibilityGlobals) = postSolution
		SolutionGuid = {601B6F85-553D-40CA-B617-BC4F8905DC63}
	EndGlobalSection
EndGlobal
